// !$*UTF8*$!
{
	archiveVersion = 1;
	classes = {
	};
	objectVersion = 56;
	objects = {

/* Begin PBXBuildFile section */
		F4D246172BB2E95F001C629E /* AppDelegate.swift in Sources */ = {isa = PBXBuildFile; fileRef = F4D246162BB2E95F001C629E /* AppDelegate.swift */; };
		F4D246192BB2E95F001C629E /* SceneDelegate.swift in Sources */ = {isa = PBXBuildFile; fileRef = F4D246182BB2E95F001C629E /* SceneDelegate.swift */; };
		F4D2461B2BB2E95F001C629E /* HomeViewController.swift in Sources */ = {isa = PBXBuildFile; fileRef = F4D2461A2BB2E95F001C629E /* HomeViewController.swift */; };
		F4D246202BB2E961001C629E /* Assets.xcassets in Resources */ = {isa = PBXBuildFile; fileRef = F4D2461F2BB2E961001C629E /* Assets.xcassets */; };
		F4D246232BB2E961001C629E /* LaunchScreen.storyboard in Resources */ = {isa = PBXBuildFile; fileRef = F4D246212BB2E961001C629E /* LaunchScreen.storyboard */; };
		F4D246312BB306D3001C629E /* DolphinHTTP in Frameworks */ = {isa = PBXBuildFile; productRef = F4D246302BB306D3001C629E /* DolphinHTTP */; };
		F4D246362BB30928001C629E /* HomeViewModel.swift in Sources */ = {isa = PBXBuildFile; fileRef = F4D246352BB30928001C629E /* HomeViewModel.swift */; };
		F4D2463B2BB33947001C629E /* HomeUIComposer.swift in Sources */ = {isa = PBXBuildFile; fileRef = F4D2463A2BB33947001C629E /* HomeUIComposer.swift */; };
		F4D246422BB3CE87001C629E /* PhotoWallComposer.swift in Sources */ = {isa = PBXBuildFile; fileRef = F4D246412BB3CE87001C629E /* PhotoWallComposer.swift */; };
		F4D246442BB3CF3B001C629E /* PhotoWallViewController.swift in Sources */ = {isa = PBXBuildFile; fileRef = F4D246432BB3CF3B001C629E /* PhotoWallViewController.swift */; };
		F4D246472BB3CF70001C629E /* PhotoWallViewModel.swift in Sources */ = {isa = PBXBuildFile; fileRef = F4D246462BB3CF70001C629E /* PhotoWallViewModel.swift */; };
		F4D2464A2BB3D168001C629E /* PhotoBlockCollectionViewCell.swift in Sources */ = {isa = PBXBuildFile; fileRef = F4D246492BB3D168001C629E /* PhotoBlockCollectionViewCell.swift */; };
		F4D2464E2BB3D31C001C629E /* UICollection+Dequeuing.swift in Sources */ = {isa = PBXBuildFile; fileRef = F4D2464D2BB3D31C001C629E /* UICollection+Dequeuing.swift */; };
		F4D246502BB3D3A9001C629E /* UICollectionCell+CellIdentifier.swift in Sources */ = {isa = PBXBuildFile; fileRef = F4D2464F2BB3D3A9001C629E /* UICollectionCell+CellIdentifier.swift */; };
		F4D246522BB404FB001C629E /* PhotoBlockCellController.swift in Sources */ = {isa = PBXBuildFile; fileRef = F4D246512BB404FB001C629E /* PhotoBlockCellController.swift */; };
		F4D246542BB40536001C629E /* PhotoBlockCellViewModel.swift in Sources */ = {isa = PBXBuildFile; fileRef = F4D246532BB40536001C629E /* PhotoBlockCellViewModel.swift */; };
		F4D246572BB409B6001C629E /* Photo.swift in Sources */ = {isa = PBXBuildFile; fileRef = F4D246562BB409B6001C629E /* Photo.swift */; };
		F4D2465A2BB448F1001C629E /* photos.json in Resources */ = {isa = PBXBuildFile; fileRef = F4D246592BB448F1001C629E /* photos.json */; };
		F4D2465E2BB44C3E001C629E /* PhotoAPI.swift in Sources */ = {isa = PBXBuildFile; fileRef = F4D2465D2BB44C3E001C629E /* PhotoAPI.swift */; };
		F4D246612BB45A62001C629E /* ImageLoader.swift in Sources */ = {isa = PBXBuildFile; fileRef = F4D246602BB45A62001C629E /* ImageLoader.swift */; };
		F4D246632BB59890001C629E /* MainQueueDispatchDecorator.swift in Sources */ = {isa = PBXBuildFile; fileRef = F4D246622BB59890001C629E /* MainQueueDispatchDecorator.swift */; };
/* End PBXBuildFile section */

/* Begin PBXFileReference section */
		F4D246132BB2E95F001C629E /* ColorfulPlaid.app */ = {isa = PBXFileReference; explicitFileType = wrapper.application; includeInIndex = 0; path = ColorfulPlaid.app; sourceTree = BUILT_PRODUCTS_DIR; };
		F4D246162BB2E95F001C629E /* AppDelegate.swift */ = {isa = PBXFileReference; lastKnownFileType = sourcecode.swift; path = AppDelegate.swift; sourceTree = "<group>"; };
		F4D246182BB2E95F001C629E /* SceneDelegate.swift */ = {isa = PBXFileReference; lastKnownFileType = sourcecode.swift; path = SceneDelegate.swift; sourceTree = "<group>"; };
		F4D2461A2BB2E95F001C629E /* HomeViewController.swift */ = {isa = PBXFileReference; lastKnownFileType = sourcecode.swift; path = HomeViewController.swift; sourceTree = "<group>"; };
		F4D2461F2BB2E961001C629E /* Assets.xcassets */ = {isa = PBXFileReference; lastKnownFileType = folder.assetcatalog; path = Assets.xcassets; sourceTree = "<group>"; };
		F4D246222BB2E961001C629E /* Base */ = {isa = PBXFileReference; lastKnownFileType = file.storyboard; name = Base; path = Base.lproj/LaunchScreen.storyboard; sourceTree = "<group>"; };
		F4D246242BB2E961001C629E /* Info.plist */ = {isa = PBXFileReference; lastKnownFileType = text.plist.xml; path = Info.plist; sourceTree = "<group>"; };
		F4D246352BB30928001C629E /* HomeViewModel.swift */ = {isa = PBXFileReference; lastKnownFileType = sourcecode.swift; path = HomeViewModel.swift; sourceTree = "<group>"; };
		F4D2463A2BB33947001C629E /* HomeUIComposer.swift */ = {isa = PBXFileReference; lastKnownFileType = sourcecode.swift; path = HomeUIComposer.swift; sourceTree = "<group>"; };
		F4D246412BB3CE87001C629E /* PhotoWallComposer.swift */ = {isa = PBXFileReference; lastKnownFileType = sourcecode.swift; path = PhotoWallComposer.swift; sourceTree = "<group>"; };
		F4D246432BB3CF3B001C629E /* PhotoWallViewController.swift */ = {isa = PBXFileReference; lastKnownFileType = sourcecode.swift; path = PhotoWallViewController.swift; sourceTree = "<group>"; };
		F4D246462BB3CF70001C629E /* PhotoWallViewModel.swift */ = {isa = PBXFileReference; lastKnownFileType = sourcecode.swift; path = PhotoWallViewModel.swift; sourceTree = "<group>"; };
		F4D246492BB3D168001C629E /* PhotoBlockCollectionViewCell.swift */ = {isa = PBXFileReference; lastKnownFileType = sourcecode.swift; path = PhotoBlockCollectionViewCell.swift; sourceTree = "<group>"; };
		F4D2464D2BB3D31C001C629E /* UICollection+Dequeuing.swift */ = {isa = PBXFileReference; lastKnownFileType = sourcecode.swift; path = "UICollection+Dequeuing.swift"; sourceTree = "<group>"; };
		F4D2464F2BB3D3A9001C629E /* UICollectionCell+CellIdentifier.swift */ = {isa = PBXFileReference; lastKnownFileType = sourcecode.swift; path = "UICollectionCell+CellIdentifier.swift"; sourceTree = "<group>"; };
		F4D246512BB404FB001C629E /* PhotoBlockCellController.swift */ = {isa = PBXFileReference; lastKnownFileType = sourcecode.swift; path = PhotoBlockCellController.swift; sourceTree = "<group>"; };
		F4D246532BB40536001C629E /* PhotoBlockCellViewModel.swift */ = {isa = PBXFileReference; lastKnownFileType = sourcecode.swift; path = PhotoBlockCellViewModel.swift; sourceTree = "<group>"; };
		F4D246562BB409B6001C629E /* Photo.swift */ = {isa = PBXFileReference; lastKnownFileType = sourcecode.swift; path = Photo.swift; sourceTree = "<group>"; };
		F4D246592BB448F1001C629E /* photos.json */ = {isa = PBXFileReference; lastKnownFileType = text.json; path = photos.json; sourceTree = "<group>"; };
		F4D2465D2BB44C3E001C629E /* PhotoAPI.swift */ = {isa = PBXFileReference; lastKnownFileType = sourcecode.swift; path = PhotoAPI.swift; sourceTree = "<group>"; };
		F4D246602BB45A62001C629E /* ImageLoader.swift */ = {isa = PBXFileReference; lastKnownFileType = sourcecode.swift; path = ImageLoader.swift; sourceTree = "<group>"; };
		F4D246622BB59890001C629E /* MainQueueDispatchDecorator.swift */ = {isa = PBXFileReference; lastKnownFileType = sourcecode.swift; path = MainQueueDispatchDecorator.swift; sourceTree = "<group>"; };
/* End PBXFileReference section */

/* Begin PBXFrameworksBuildPhase section */
		F4D246102BB2E95F001C629E /* Frameworks */ = {
			isa = PBXFrameworksBuildPhase;
			buildActionMask = 2147483647;
			files = (
				F4D246312BB306D3001C629E /* DolphinHTTP in Frameworks */,
			);
			runOnlyForDeploymentPostprocessing = 0;
		};
/* End PBXFrameworksBuildPhase section */

/* Begin PBXGroup section */
		F4D2460A2BB2E95F001C629E = {
			isa = PBXGroup;
			children = (
				F4D246152BB2E95F001C629E /* ColorfulPlaid */,
				F4D246142BB2E95F001C629E /* Products */,
			);
			sourceTree = "<group>";
		};
		F4D246142BB2E95F001C629E /* Products */ = {
			isa = PBXGroup;
			children = (
				F4D246132BB2E95F001C629E /* ColorfulPlaid.app */,
			);
			name = Products;
			sourceTree = "<group>";
		};
		F4D246152BB2E95F001C629E /* ColorfulPlaid */ = {
			isa = PBXGroup;
			children = (
				F4D246162BB2E95F001C629E /* AppDelegate.swift */,
				F4D246182BB2E95F001C629E /* SceneDelegate.swift */,
				F4D2465F2BB45A3E001C629E /* Manager */,
				F4D2465B2BB44C13001C629E /* Web API */,
				F4D2464C2BB3D260001C629E /* Extension */,
				F4D246322BB30894001C629E /* Home */,
				F4D2463C2BB3CDBB001C629E /* PhotoWall */,
				F4D2461F2BB2E961001C629E /* Assets.xcassets */,
				F4D246212BB2E961001C629E /* LaunchScreen.storyboard */,
				F4D246242BB2E961001C629E /* Info.plist */,
			);
			path = ColorfulPlaid;
			sourceTree = "<group>";
		};
		F4D246322BB30894001C629E /* Home */ = {
			isa = PBXGroup;
			children = (
				F4D246332BB308D8001C629E /* Home Presentation */,
				F4D246342BB308FA001C629E /* Home UI */,
			);
			path = Home;
			sourceTree = "<group>";
		};
		F4D246332BB308D8001C629E /* Home Presentation */ = {
			isa = PBXGroup;
			children = (
				F4D246352BB30928001C629E /* HomeViewModel.swift */,
			);
			path = "Home Presentation";
			sourceTree = "<group>";
		};
		F4D246342BB308FA001C629E /* Home UI */ = {
			isa = PBXGroup;
			children = (
				F4D246392BB30A36001C629E /* Composer */,
				F4D246372BB30A0E001C629E /* Controllers */,
			);
			path = "Home UI";
			sourceTree = "<group>";
		};
		F4D246372BB30A0E001C629E /* Controllers */ = {
			isa = PBXGroup;
			children = (
				F4D2461A2BB2E95F001C629E /* HomeViewController.swift */,
			);
			path = Controllers;
			sourceTree = "<group>";
		};
		F4D246392BB30A36001C629E /* Composer */ = {
			isa = PBXGroup;
			children = (
				F4D2463A2BB33947001C629E /* HomeUIComposer.swift */,
			);
			path = Composer;
			sourceTree = "<group>";
		};
		F4D2463C2BB3CDBB001C629E /* PhotoWall */ = {
			isa = PBXGroup;
			children = (
				F4D246552BB407E7001C629E /* Model */,
				F4D2463D2BB3CDD6001C629E /* PhotoWall Presentation */,
				F4D2463E2BB3CDF8001C629E /* PhotoWallUI */,
			);
			path = PhotoWall;
			sourceTree = "<group>";
		};
		F4D2463D2BB3CDD6001C629E /* PhotoWall Presentation */ = {
			isa = PBXGroup;
			children = (
				F4D246462BB3CF70001C629E /* PhotoWallViewModel.swift */,
				F4D246532BB40536001C629E /* PhotoBlockCellViewModel.swift */,
			);
			path = "PhotoWall Presentation";
			sourceTree = "<group>";
		};
		F4D2463E2BB3CDF8001C629E /* PhotoWallUI */ = {
			isa = PBXGroup;
			children = (
				F4D246452BB3CF52001C629E /* Composer */,
				F4D2463F2BB3CE10001C629E /* Controllers */,
				F4D246402BB3CE1C001C629E /* Views */,
			);
			path = PhotoWallUI;
			sourceTree = "<group>";
		};
		F4D2463F2BB3CE10001C629E /* Controllers */ = {
			isa = PBXGroup;
			children = (
				F4D246432BB3CF3B001C629E /* PhotoWallViewController.swift */,
				F4D246512BB404FB001C629E /* PhotoBlockCellController.swift */,
			);
			path = Controllers;
			sourceTree = "<group>";
		};
		F4D246402BB3CE1C001C629E /* Views */ = {
			isa = PBXGroup;
			children = (
				F4D246492BB3D168001C629E /* PhotoBlockCollectionViewCell.swift */,
			);
			path = Views;
			sourceTree = "<group>";
		};
		F4D246452BB3CF52001C629E /* Composer */ = {
			isa = PBXGroup;
			children = (
				F4D246412BB3CE87001C629E /* PhotoWallComposer.swift */,
				F4D246622BB59890001C629E /* MainQueueDispatchDecorator.swift */,
			);
			path = Composer;
			sourceTree = "<group>";
		};
		F4D2464C2BB3D260001C629E /* Extension */ = {
			isa = PBXGroup;
			children = (
				F4D2464D2BB3D31C001C629E /* UICollection+Dequeuing.swift */,
				F4D2464F2BB3D3A9001C629E /* UICollectionCell+CellIdentifier.swift */,
			);
			path = Extension;
			sourceTree = "<group>";
		};
		F4D246552BB407E7001C629E /* Model */ = {
			isa = PBXGroup;
			children = (
				F4D246562BB409B6001C629E /* Photo.swift */,
				F4D246592BB448F1001C629E /* photos.json */,
			);
			path = Model;
			sourceTree = "<group>";
		};
		F4D2465B2BB44C13001C629E /* Web API */ = {
			isa = PBXGroup;
			children = (
				F4D2465D2BB44C3E001C629E /* PhotoAPI.swift */,
			);
			path = "Web API";
			sourceTree = "<group>";
		};
		F4D2465F2BB45A3E001C629E /* Manager */ = {
			isa = PBXGroup;
			children = (
				F4D246602BB45A62001C629E /* ImageLoader.swift */,
			);
			path = Manager;
			sourceTree = "<group>";
		};
/* End PBXGroup section */

/* Begin PBXNativeTarget section */
		F4D246122BB2E95F001C629E /* ColorfulPlaid */ = {
			isa = PBXNativeTarget;
			buildConfigurationList = F4D246272BB2E961001C629E /* Build configuration list for PBXNativeTarget "ColorfulPlaid" */;
			buildPhases = (
				F4D2460F2BB2E95F001C629E /* Sources */,
				F4D246102BB2E95F001C629E /* Frameworks */,
				F4D246112BB2E95F001C629E /* Resources */,
			);
			buildRules = (
			);
			dependencies = (
			);
			name = ColorfulPlaid;
			packageProductDependencies = (
				F4D246302BB306D3001C629E /* DolphinHTTP */,
			);
			productName = ColorfulPlaid;
			productReference = F4D246132BB2E95F001C629E /* ColorfulPlaid.app */;
			productType = "com.apple.product-type.application";
		};
/* End PBXNativeTarget section */

/* Begin PBXProject section */
		F4D2460B2BB2E95F001C629E /* Project object */ = {
			isa = PBXProject;
			attributes = {
				BuildIndependentTargetsInParallel = 1;
				LastSwiftUpdateCheck = 1520;
				LastUpgradeCheck = 1520;
				TargetAttributes = {
					F4D246122BB2E95F001C629E = {
						CreatedOnToolsVersion = 15.2;
					};
				};
			};
			buildConfigurationList = F4D2460E2BB2E95F001C629E /* Build configuration list for PBXProject "ColorfulPlaid" */;
			compatibilityVersion = "Xcode 14.0";
			developmentRegion = en;
			hasScannedForEncodings = 0;
			knownRegions = (
				en,
				Base,
			);
			mainGroup = F4D2460A2BB2E95F001C629E;
			packageReferences = (
				F4D2462F2BB306D3001C629E /* XCRemoteSwiftPackageReference "DolphinHTTP" */,
			);
			productRefGroup = F4D246142BB2E95F001C629E /* Products */;
			projectDirPath = "";
			projectRoot = "";
			targets = (
				F4D246122BB2E95F001C629E /* ColorfulPlaid */,
			);
		};
/* End PBXProject section */

/* Begin PBXResourcesBuildPhase section */
		F4D246112BB2E95F001C629E /* Resources */ = {
			isa = PBXResourcesBuildPhase;
			buildActionMask = 2147483647;
			files = (
				F4D2465A2BB448F1001C629E /* photos.json in Resources */,
				F4D246232BB2E961001C629E /* LaunchScreen.storyboard in Resources */,
				F4D246202BB2E961001C629E /* Assets.xcassets in Resources */,
			);
			runOnlyForDeploymentPostprocessing = 0;
		};
/* End PBXResourcesBuildPhase section */

/* Begin PBXSourcesBuildPhase section */
		F4D2460F2BB2E95F001C629E /* Sources */ = {
			isa = PBXSourcesBuildPhase;
			buildActionMask = 2147483647;
			files = (
				F4D246572BB409B6001C629E /* Photo.swift in Sources */,
				F4D2461B2BB2E95F001C629E /* HomeViewController.swift in Sources */,
				F4D246472BB3CF70001C629E /* PhotoWallViewModel.swift in Sources */,
				F4D246522BB404FB001C629E /* PhotoBlockCellController.swift in Sources */,
				F4D246542BB40536001C629E /* PhotoBlockCellViewModel.swift in Sources */,
				F4D246632BB59890001C629E /* MainQueueDispatchDecorator.swift in Sources */,
				F4D246172BB2E95F001C629E /* AppDelegate.swift in Sources */,
				F4D246612BB45A62001C629E /* ImageLoader.swift in Sources */,
				F4D246422BB3CE87001C629E /* PhotoWallComposer.swift in Sources */,
				F4D2463B2BB33947001C629E /* HomeUIComposer.swift in Sources */,
				F4D2465E2BB44C3E001C629E /* PhotoAPI.swift in Sources */,
				F4D246192BB2E95F001C629E /* SceneDelegate.swift in Sources */,
				F4D2464A2BB3D168001C629E /* PhotoBlockCollectionViewCell.swift in Sources */,
				F4D246502BB3D3A9001C629E /* UICollectionCell+CellIdentifier.swift in Sources */,
				F4D2464E2BB3D31C001C629E /* UICollection+Dequeuing.swift in Sources */,
				F4D246362BB30928001C629E /* HomeViewModel.swift in Sources */,
				F4D246442BB3CF3B001C629E /* PhotoWallViewController.swift in Sources */,
			);
			runOnlyForDeploymentPostprocessing = 0;
		};
/* End PBXSourcesBuildPhase section */

/* Begin PBXVariantGroup section */
		F4D246212BB2E961001C629E /* LaunchScreen.storyboard */ = {
			isa = PBXVariantGroup;
			children = (
				F4D246222BB2E961001C629E /* Base */,
			);
			name = LaunchScreen.storyboard;
			sourceTree = "<group>";
		};
/* End PBXVariantGroup section */

/* Begin XCBuildConfiguration section */
		F4D246252BB2E961001C629E /* Debug */ = {
			isa = XCBuildConfiguration;
			buildSettings = {
				ALWAYS_SEARCH_USER_PATHS = NO;
				ASSETCATALOG_COMPILER_GENERATE_SWIFT_ASSET_SYMBOL_EXTENSIONS = YES;
				CLANG_ANALYZER_NONNULL = YES;
				CLANG_ANALYZER_NUMBER_OBJECT_CONVERSION = YES_AGGRESSIVE;
				CLANG_CXX_LANGUAGE_STANDARD = "gnu++20";
				CLANG_ENABLE_MODULES = YES;
				CLANG_ENABLE_OBJC_ARC = YES;
				CLANG_ENABLE_OBJC_WEAK = YES;
				CLANG_WARN_BLOCK_CAPTURE_AUTORELEASING = YES;
				CLANG_WARN_BOOL_CONVERSION = YES;
				CLANG_WARN_COMMA = YES;
				CLANG_WARN_CONSTANT_CONVERSION = YES;
				CLANG_WARN_DEPRECATED_OBJC_IMPLEMENTATIONS = YES;
				CLANG_WARN_DIRECT_OBJC_ISA_USAGE = YES_ERROR;
				CLANG_WARN_DOCUMENTATION_COMMENTS = YES;
				CLANG_WARN_EMPTY_BODY = YES;
				CLANG_WARN_ENUM_CONVERSION = YES;
				CLANG_WARN_INFINITE_RECURSION = YES;
				CLANG_WARN_INT_CONVERSION = YES;
				CLANG_WARN_NON_LITERAL_NULL_CONVERSION = YES;
				CLANG_WARN_OBJC_IMPLICIT_RETAIN_SELF = YES;
				CLANG_WARN_OBJC_LITERAL_CONVERSION = YES;
				CLANG_WARN_OBJC_ROOT_CLASS = YES_ERROR;
				CLANG_WARN_QUOTED_INCLUDE_IN_FRAMEWORK_HEADER = YES;
				CLANG_WARN_RANGE_LOOP_ANALYSIS = YES;
				CLANG_WARN_STRICT_PROTOTYPES = YES;
				CLANG_WARN_SUSPICIOUS_MOVE = YES;
				CLANG_WARN_UNGUARDED_AVAILABILITY = YES_AGGRESSIVE;
				CLANG_WARN_UNREACHABLE_CODE = YES;
				CLANG_WARN__DUPLICATE_METHOD_MATCH = YES;
				COPY_PHASE_STRIP = NO;
				DEBUG_INFORMATION_FORMAT = dwarf;
				ENABLE_STRICT_OBJC_MSGSEND = YES;
				ENABLE_TESTABILITY = YES;
				ENABLE_USER_SCRIPT_SANDBOXING = YES;
				GCC_C_LANGUAGE_STANDARD = gnu17;
				GCC_DYNAMIC_NO_PIC = NO;
				GCC_NO_COMMON_BLOCKS = YES;
				GCC_OPTIMIZATION_LEVEL = 0;
				GCC_PREPROCESSOR_DEFINITIONS = (
					"DEBUG=1",
					"$(inherited)",
				);
				GCC_WARN_64_TO_32_BIT_CONVERSION = YES;
				GCC_WARN_ABOUT_RETURN_TYPE = YES_ERROR;
				GCC_WARN_UNDECLARED_SELECTOR = YES;
				GCC_WARN_UNINITIALIZED_AUTOS = YES_AGGRESSIVE;
				GCC_WARN_UNUSED_FUNCTION = YES;
				GCC_WARN_UNUSED_VARIABLE = YES;
				IPHONEOS_DEPLOYMENT_TARGET = 17.2;
				LOCALIZATION_PREFERS_STRING_CATALOGS = YES;
				MTL_ENABLE_DEBUG_INFO = INCLUDE_SOURCE;
				MTL_FAST_MATH = YES;
				ONLY_ACTIVE_ARCH = YES;
				SDKROOT = iphoneos;
				SWIFT_ACTIVE_COMPILATION_CONDITIONS = "DEBUG $(inherited)";
				SWIFT_OPTIMIZATION_LEVEL = "-Onone";
			};
			name = Debug;
		};
		F4D246262BB2E961001C629E /* Release */ = {
			isa = XCBuildConfiguration;
			buildSettings = {
				ALWAYS_SEARCH_USER_PATHS = NO;
				ASSETCATALOG_COMPILER_GENERATE_SWIFT_ASSET_SYMBOL_EXTENSIONS = YES;
				CLANG_ANALYZER_NONNULL = YES;
				CLANG_ANALYZER_NUMBER_OBJECT_CONVERSION = YES_AGGRESSIVE;
				CLANG_CXX_LANGUAGE_STANDARD = "gnu++20";
				CLANG_ENABLE_MODULES = YES;
				CLANG_ENABLE_OBJC_ARC = YES;
				CLANG_ENABLE_OBJC_WEAK = YES;
				CLANG_WARN_BLOCK_CAPTURE_AUTORELEASING = YES;
				CLANG_WARN_BOOL_CONVERSION = YES;
				CLANG_WARN_COMMA = YES;
				CLANG_WARN_CONSTANT_CONVERSION = YES;
				CLANG_WARN_DEPRECATED_OBJC_IMPLEMENTATIONS = YES;
				CLANG_WARN_DIRECT_OBJC_ISA_USAGE = YES_ERROR;
				CLANG_WARN_DOCUMENTATION_COMMENTS = YES;
				CLANG_WARN_EMPTY_BODY = YES;
				CLANG_WARN_ENUM_CONVERSION = YES;
				CLANG_WARN_INFINITE_RECURSION = YES;
				CLANG_WARN_INT_CONVERSION = YES;
				CLANG_WARN_NON_LITERAL_NULL_CONVERSION = YES;
				CLANG_WARN_OBJC_IMPLICIT_RETAIN_SELF = YES;
				CLANG_WARN_OBJC_LITERAL_CONVERSION = YES;
				CLANG_WARN_OBJC_ROOT_CLASS = YES_ERROR;
				CLANG_WARN_QUOTED_INCLUDE_IN_FRAMEWORK_HEADER = YES;
				CLANG_WARN_RANGE_LOOP_ANALYSIS = YES;
				CLANG_WARN_STRICT_PROTOTYPES = YES;
				CLANG_WARN_SUSPICIOUS_MOVE = YES;
				CLANG_WARN_UNGUARDED_AVAILABILITY = YES_AGGRESSIVE;
				CLANG_WARN_UNREACHABLE_CODE = YES;
				CLANG_WARN__DUPLICATE_METHOD_MATCH = YES;
				COPY_PHASE_STRIP = NO;
				DEBUG_INFORMATION_FORMAT = "dwarf-with-dsym";
				ENABLE_NS_ASSERTIONS = NO;
				ENABLE_STRICT_OBJC_MSGSEND = YES;
				ENABLE_USER_SCRIPT_SANDBOXING = YES;
				GCC_C_LANGUAGE_STANDARD = gnu17;
				GCC_NO_COMMON_BLOCKS = YES;
				GCC_WARN_64_TO_32_BIT_CONVERSION = YES;
				GCC_WARN_ABOUT_RETURN_TYPE = YES_ERROR;
				GCC_WARN_UNDECLARED_SELECTOR = YES;
				GCC_WARN_UNINITIALIZED_AUTOS = YES_AGGRESSIVE;
				GCC_WARN_UNUSED_FUNCTION = YES;
				GCC_WARN_UNUSED_VARIABLE = YES;
				IPHONEOS_DEPLOYMENT_TARGET = 17.2;
				LOCALIZATION_PREFERS_STRING_CATALOGS = YES;
				MTL_ENABLE_DEBUG_INFO = NO;
				MTL_FAST_MATH = YES;
				SDKROOT = iphoneos;
				SWIFT_COMPILATION_MODE = wholemodule;
				VALIDATE_PRODUCT = YES;
			};
			name = Release;
		};
		F4D246282BB2E961001C629E /* Debug */ = {
			isa = XCBuildConfiguration;
			buildSettings = {
				ASSETCATALOG_COMPILER_APPICON_NAME = AppIcon;
				ASSETCATALOG_COMPILER_GLOBAL_ACCENT_COLOR_NAME = AccentColor;
				CODE_SIGN_STYLE = Automatic;
				CURRENT_PROJECT_VERSION = 1;
				DEVELOPMENT_TEAM = HA9F856YHB;
				GENERATE_INFOPLIST_FILE = YES;
				INFOPLIST_FILE = ColorfulPlaid/Info.plist;
				INFOPLIST_KEY_UIApplicationSupportsIndirectInputEvents = YES;
				INFOPLIST_KEY_UILaunchStoryboardName = LaunchScreen;
				INFOPLIST_KEY_UIMainStoryboardFile = Main;
				INFOPLIST_KEY_UISupportedInterfaceOrientations_iPad = "UIInterfaceOrientationPortrait UIInterfaceOrientationPortraitUpsideDown UIInterfaceOrientationLandscapeLeft UIInterfaceOrientationLandscapeRight";
				INFOPLIST_KEY_UISupportedInterfaceOrientations_iPhone = "UIInterfaceOrientationPortrait UIInterfaceOrientationLandscapeLeft UIInterfaceOrientationLandscapeRight";
				LD_RUNPATH_SEARCH_PATHS = (
					"$(inherited)",
					"@executable_path/Frameworks",
				);
				MARKETING_VERSION = 1.0;
				PRODUCT_BUNDLE_IDENTIFIER = "com.wei-tusng.ColorfulPlaid";
				PRODUCT_NAME = "$(TARGET_NAME)";
				SWIFT_EMIT_LOC_STRINGS = YES;
				SWIFT_VERSION = 5.0;
				TARGETED_DEVICE_FAMILY = "1,2";
			};
			name = Debug;
		};
		F4D246292BB2E961001C629E /* Release */ = {
			isa = XCBuildConfiguration;
			buildSettings = {
				ASSETCATALOG_COMPILER_APPICON_NAME = AppIcon;
				ASSETCATALOG_COMPILER_GLOBAL_ACCENT_COLOR_NAME = AccentColor;
				CODE_SIGN_STYLE = Automatic;
				CURRENT_PROJECT_VERSION = 1;
				DEVELOPMENT_TEAM = HA9F856YHB;
				GENERATE_INFOPLIST_FILE = YES;
				INFOPLIST_FILE = ColorfulPlaid/Info.plist;
				INFOPLIST_KEY_UIApplicationSupportsIndirectInputEvents = YES;
				INFOPLIST_KEY_UILaunchStoryboardName = LaunchScreen;
				INFOPLIST_KEY_UIMainStoryboardFile = Main;
				INFOPLIST_KEY_UISupportedInterfaceOrientations_iPad = "UIInterfaceOrientationPortrait UIInterfaceOrientationPortraitUpsideDown UIInterfaceOrientationLandscapeLeft UIInterfaceOrientationLandscapeRight";
				INFOPLIST_KEY_UISupportedInterfaceOrientations_iPhone = "UIInterfaceOrientationPortrait UIInterfaceOrientationLandscapeLeft UIInterfaceOrientationLandscapeRight";
				LD_RUNPATH_SEARCH_PATHS = (
					"$(inherited)",
					"@executable_path/Frameworks",
				);
				MARKETING_VERSION = 1.0;
				PRODUCT_BUNDLE_IDENTIFIER = "com.wei-tusng.ColorfulPlaid";
				PRODUCT_NAME = "$(TARGET_NAME)";
				SWIFT_EMIT_LOC_STRINGS = YES;
				SWIFT_VERSION = 5.0;
				TARGETED_DEVICE_FAMILY = "1,2";
			};
			name = Release;
		};
/* End XCBuildConfiguration section */

/* Begin XCConfigurationList section */
		F4D2460E2BB2E95F001C629E /* Build configuration list for PBXProject "ColorfulPlaid" */ = {
			isa = XCConfigurationList;
			buildConfigurations = (
				F4D246252BB2E961001C629E /* Debug */,
				F4D246262BB2E961001C629E /* Release */,
			);
			defaultConfigurationIsVisible = 0;
			defaultConfigurationName = Release;
		};
		F4D246272BB2E961001C629E /* Build configuration list for PBXNativeTarget "ColorfulPlaid" */ = {
			isa = XCConfigurationList;
			buildConfigurations = (
				F4D246282BB2E961001C629E /* Debug */,
				F4D246292BB2E961001C629E /* Release */,
			);
			defaultConfigurationIsVisible = 0;
			defaultConfigurationName = Release;
		};
/* End XCConfigurationList section */

/* Begin XCRemoteSwiftPackageReference section */
		F4D2462F2BB306D3001C629E /* XCRemoteSwiftPackageReference "DolphinHTTP" */ = {
			isa = XCRemoteSwiftPackageReference;
			repositoryURL = "https://github.com/WeiTsungCheng/DolphinHTTP.git";
			requirement = {
				kind = upToNextMajorVersion;
				minimumVersion = 1.0.1;
			};
		};
/* End XCRemoteSwiftPackageReference section */

/* Begin XCSwiftPackageProductDependency section */
		F4D246302BB306D3001C629E /* DolphinHTTP */ = {
			isa = XCSwiftPackageProductDependency;
			package = F4D2462F2BB306D3001C629E /* XCRemoteSwiftPackageReference "DolphinHTTP" */;
			productName = DolphinHTTP;
		};
/* End XCSwiftPackageProductDependency section */
	};
	rootObject = F4D2460B2BB2E95F001C629E /* Project object */;
}
